
Microsoft Visual Studio Solution File, Format Version 12.00
# Visual Studio Version 17
VisualStudioVersion = 17.3.32819.101
MinimumVisualStudioVersion = 10.0.40219.1
Project("{FAE04EC0-301F-11D3-BF4B-00C04F79EFBC}") = "OIDCWebApp", "OIDCWebApp\OIDCWebApp.csproj", "{FB016372-C136-4938-86EC-A51657290BD7}"
EndProject
Global
	GlobalSection(SolutionConfigurationPlatforms) = preSolution
		Debug|Any CPU = Debug|Any CPU
		Release|Any CPU = Release|Any CPU
	EndGlobalSection
	GlobalSection(ProjectConfigurationPlatforms) = postSolution
		{FB016372-C136-4938-86EC-A51657290BD7}.Debug|Any CPU.ActiveCfg = Debug|Any CPU
		{FB016372-C136-4938-86EC-A51657290BD7}.Debug|Any CPU.Build.0 = Debug|Any CPU
		{FB016372-C136-4938-86EC-A51657290BD7}.Release|Any CPU.ActiveCfg = Release|Any CPU
		{FB016372-C136-4938-86EC-A51657290BD7}.Release|Any CPU.Build.0 = Release|Any CPU
	EndGlobalSection
	GlobalSection(SolutionProperties) = preSolution
		HideSolutionNode = FALSE
	EndGlobalSection
	GlobalSection(ExtensibilityGlobals) = postSolution
		SolutionGuid = {2F2DF5EA-54C2-4B28-B9E9-B6917D5EAAEE}
	EndGlobalSection
EndGlobal
