
Microsoft Visual Studio Solution File, Format Version 12.00
# Visual Studio Version 17
VisualStudioVersion = 17.3.32819.101
MinimumVisualStudioVersion = 10.0.40219.1
Project("{9A19103F-16F7-4668-BE54-9A1E7A4F7556}") = "okta_clientflow_dotnetsix", "okta_clientflow_dotnetsix.csproj", "{4F96AE9F-A42A-4FE2-A814-ED9DAE602269}"
EndProject
Global
	GlobalSection(SolutionConfigurationPlatforms) = preSolution
		Debug|Any CPU = Debug|Any CPU
		Release|Any CPU = Release|Any CPU
	EndGlobalSection
	GlobalSection(ProjectConfigurationPlatforms) = postSolution
		{4F96AE9F-A42A-4FE2-A814-ED9DAE602269}.Debug|Any CPU.ActiveCfg = Debug|Any CPU
		{4F96AE9F-A42A-4FE2-A814-ED9DAE602269}.Debug|Any CPU.Build.0 = Debug|Any CPU
		{4F96AE9F-A42A-4FE2-A814-ED9DAE602269}.Release|Any CPU.ActiveCfg = Release|Any CPU
		{4F96AE9F-A42A-4FE2-A814-ED9DAE602269}.Release|Any CPU.Build.0 = Release|Any CPU
	EndGlobalSection
	GlobalSection(SolutionProperties) = preSolution
		HideSolutionNode = FALSE
	EndGlobalSection
	GlobalSection(ExtensibilityGlobals) = postSolution
		SolutionGuid = {30FC46EE-C83E-4A80-ABED-783F79D840F3}
	EndGlobalSection
EndGlobal
