
Microsoft Visual Studio Solution File, Format Version 12.00
# Visual Studio Version 16
VisualStudioVersion = 16.0.31129.286
MinimumVisualStudioVersion = 10.0.40219.1
Project("{FAE04EC0-301F-11D3-BF4B-00C04F79EFBC}") = "Kata.ConsoleApps", "Kata.ConsoleApps\Kata.ConsoleApps.csproj", "{3FCD61B2-1A7A-4760-8713-0B830C8CF139}"
EndProject
Global
	GlobalSection(SolutionConfigurationPlatforms) = preSolution
		Debug|Any CPU = Debug|Any CPU
		Release|Any CPU = Release|Any CPU
	EndGlobalSection
	GlobalSection(ProjectConfigurationPlatforms) = postSolution
		{3FCD61B2-1A7A-4760-8713-0B830C8CF139}.Debug|Any CPU.ActiveCfg = Debug|Any CPU
		{3FCD61B2-1A7A-4760-8713-0B830C8CF139}.Debug|Any CPU.Build.0 = Debug|Any CPU
		{3FCD61B2-1A7A-4760-8713-0B830C8CF139}.Release|Any CPU.ActiveCfg = Release|Any CPU
		{3FCD61B2-1A7A-4760-8713-0B830C8CF139}.Release|Any CPU.Build.0 = Release|Any CPU
	EndGlobalSection
	GlobalSection(SolutionProperties) = preSolution
		HideSolutionNode = FALSE
	EndGlobalSection
	GlobalSection(ExtensibilityGlobals) = postSolution
		SolutionGuid = {5FD6595D-6C2B-4084-B260-847C506C6354}
	EndGlobalSection
EndGlobal
